
Microsoft Visual Studio Solution File, Format Version 12.00
# Visual Studio Express 2012 for Windows Desktop
Project("{FAE04EC0-301F-11D3-BF4B-00C04F79EFBC}") = "PluginTemplate", "PluginTemplate\PluginTemplate.csproj", "{15C2268D-7D58-4A0E-90D0-6051664E896A}"
EndProject
Global
	GlobalSection(SolutionConfigurationPlatforms) = preSolution
		Debug|Any CPU = Debug|Any CPU
		Release|Any CPU = Release|Any CPU
	EndGlobalSection
	GlobalSection(ProjectConfigurationPlatforms) = postSolution
		{15C2268D-7D58-4A0E-90D0-6051664E896A}.Debug|Any CPU.ActiveCfg = Debug|Any CPU
		{15C2268D-7D58-4A0E-90D0-6051664E896A}.Debug|Any CPU.Build.0 = Debug|Any CPU
		{15C2268D-7D58-4A0E-90D0-6051664E896A}.Release|Any CPU.ActiveCfg = Release|Any CPU
		{15C2268D-7D58-4A0E-90D0-6051664E896A}.Release|Any CPU.Build.0 = Release|Any CPU
	EndGlobalSection
	GlobalSection(SolutionProperties) = preSolution
		HideSolutionNode = FALSE
	EndGlobalSection
EndGlobal
